<?xml version="1.0" encoding="utf-8"?>
<Project ToolsVersion="4.0" xmlns="http://schemas.microsoft.com/developer/msbuild/2003">
  <ItemGroup>
    <Filter Include="suugu">
      <UniqueIdentifier>{f4f52ded-ff9b-4128-b14e-151fe5e51b8a}</UniqueIdentifier>
    </Filter>
    <Filter Include="deshi">
      <UniqueIdentifier>{3c619de8-9a14-402a-80f6-11be7c4a7de3}</UniqueIdentifier>
    </Filter>
    <Filter Include="deshi\cfg">
      <UniqueIdentifier>{84cee87e-0a86-4e76-98a7-a4f6a2f05fc2}</UniqueIdentifier>
    </Filter>
    <Filter Include="deshi\docs">
      <UniqueIdentifier>{fa21313b-1387-4967-91df-5e242b7e03bb}</UniqueIdentifier>
    </Filter>
    <Filter Include="deshi\fonts">
      <UniqueIdentifier>{b9ef7d68-5328-4a14-81ef-9c8274c076b9}</UniqueIdentifier>
    </Filter>
    <Filter Include="deshi\misc">
      <UniqueIdentifier>{8c379667-4bab-480b-971a-fb14306eb7d4}</UniqueIdentifier>
    </Filter>
    <Filter Include="deshi\shaders">
      <UniqueIdentifier>{89f87825-dece-4fa7-b10e-07bd7e458888}</UniqueIdentifier>
    </Filter>
    <Filter Include="deshi\src">
      <UniqueIdentifier>{ef799988-d9a9-484b-8d65-4e439645fb32}</UniqueIdentifier>
    </Filter>
    <Filter Include="deshi\src\core">
      <UniqueIdentifier>{403a51fe-fade-487a-9fc4-c0fcdd8bfaac}</UniqueIdentifier>
    </Filter>
    <Filter Include="deshi\src\core\renderers">
      <UniqueIdentifier>{e8195efd-98a9-4c60-9570-e0864875c5f3}</UniqueIdentifier>
    </Filter>
    <Filter Include="deshi\src\geometry">
      <UniqueIdentifier>{9e26afce-bb8f-4099-a39e-85a3f0d6b45d}</UniqueIdentifier>
    </Filter>
    <Filter Include="deshi\src\math">
      <UniqueIdentifier>{622d2dd5-93e4-4ba8-95b3-b8d177e693bb}</UniqueIdentifier>
    </Filter>
    <Filter Include="deshi\src\utils">
      <UniqueIdentifier>{475da488-e124-472b-87e7-6a5ada965ad5}</UniqueIdentifier>
    </Filter>
    <Filter Include="deshi\src\external">
      <UniqueIdentifier>{4c448d62-28a9-4307-b081-e91919345822}</UniqueIdentifier>
    </Filter>
    <Filter Include="deshi\src\external\imgui">
      <UniqueIdentifier>{b92c5662-1879-4f68-8bbe-3ab8654d31a8}</UniqueIdentifier>
    </Filter>
    <Filter Include="deshi\src\external\draudio">
      <UniqueIdentifier>{74b8b8d3-941c-40df-8f15-d951f9b2f30f}</UniqueIdentifier>
    </Filter>
    <Filter Include="deshi\src\external\saschawillems">
      <UniqueIdentifier>{dc5c5faf-b6b5-43a4-b877-b1c1803ca584}</UniqueIdentifier>
    </Filter>
    <Filter Include="deshi\src\external\tinyobjloader">
      <UniqueIdentifier>{1fa68464-0ee7-4f40-b87b-45aa72dbc0ad}</UniqueIdentifier>
    </Filter>
  </ItemGroup>
  <ItemGroup>
    <ClCompile Include="..\src\suugu.cpp">
      <Filter>suugu</Filter>
    </ClCompile>
    <ClCompile Include="..\src\deshi\src\deshi.cpp">
      <Filter>deshi\src</Filter>
    </ClCompile>
    <ClCompile Include="..\src\deshi\src\core\assets.cpp">
      <Filter>deshi\src\core</Filter>
    </ClCompile>
    <ClCompile Include="..\src\deshi\src\core\console.cpp">
      <Filter>deshi\src\core</Filter>
    </ClCompile>
    <ClCompile Include="..\src\deshi\src\core\console2.cpp">
      <Filter>deshi\src\core</Filter>
    </ClCompile>
    <ClCompile Include="..\src\deshi\src\core\storage.cpp">
      <Filter>deshi\src\core</Filter>
    </ClCompile>
    <ClCompile Include="..\src\deshi\src\core\ui.cpp">
      <Filter>deshi\src\core</Filter>
    </ClCompile>
    <ClCompile Include="..\src\deshi\src\core\window.cpp">
      <Filter>deshi\src\core</Filter>
    </ClCompile>
    <ClCompile Include="..\src\deshi\src\core\renderers\opengl.cpp">
      <Filter>deshi\src\core\renderers</Filter>
    </ClCompile>
    <ClCompile Include="..\src\deshi\src\core\renderers\vulkan.cpp">
      <Filter>deshi\src\core\renderers</Filter>
    </ClCompile>
    <ClCompile Include="..\src\deshi\src\external\imgui\imgui.cpp">
      <Filter>deshi\src\external\imgui</Filter>
    </ClCompile>
    <ClCompile Include="..\src\deshi\src\external\imgui\imgui_demo.cpp">
      <Filter>deshi\src\external\imgui</Filter>
    </ClCompile>
    <ClCompile Include="..\src\deshi\src\external\imgui\imgui_draw.cpp">
      <Filter>deshi\src\external\imgui</Filter>
    </ClCompile>
    <ClCompile Include="..\src\deshi\src\external\imgui\imgui_impl_glfw.cpp">
      <Filter>deshi\src\external\imgui</Filter>
    </ClCompile>
    <ClCompile Include="..\src\deshi\src\external\imgui\imgui_impl_vulkan.cpp">
      <Filter>deshi\src\external\imgui</Filter>
    </ClCompile>
    <ClCompile Include="..\src\deshi\src\external\imgui\imgui_tables.cpp">
      <Filter>deshi\src\external\imgui</Filter>
    </ClCompile>
    <ClCompile Include="..\src\deshi\src\external\imgui\imgui_widgets.cpp">
      <Filter>deshi\src\external\imgui</Filter>
    </ClCompile>
  </ItemGroup>
  <ItemGroup>
    <None Include="..\src\deshi\cfg\aliases.cfg">
      <Filter>deshi\cfg</Filter>
    </None>
    <None Include="..\src\deshi\cfg\binds.cfg">
      <Filter>deshi\cfg</Filter>
    </None>
    <None Include="..\src\deshi\cfg\render.cfg">
      <Filter>deshi\cfg</Filter>
    </None>
    <None Include="..\src\deshi\.gitignore">
      <Filter>deshi\docs</Filter>
    </None>
    <None Include="..\src\deshi\README.md">
      <Filter>deshi\docs</Filter>
    </None>
    <None Include="..\src\deshi\misc\build.bat">
      <Filter>deshi\docs</Filter>
    </None>
    <None Include="..\src\deshi\data\fonts\gohufont-11.bdf">
      <Filter>deshi\fonts</Filter>
    </None>
    <None Include="..\src\deshi\data\fonts\gohufont.otb">
      <Filter>deshi\fonts</Filter>
    </None>
    <None Include="..\src\deshi\misc\TODOP.py">
      <Filter>deshi\misc</Filter>
    </None>
    <None Include="..\src\deshi\data\shaders\base.frag">
      <Filter>deshi\shaders</Filter>
    </None>
    <None Include="..\src\deshi\data\shaders\base.vert">
      <Filter>deshi\shaders</Filter>
    </None>
    <None Include="..\src\deshi\data\shaders\fixedimguishader.vert">
      <Filter>deshi\shaders</Filter>
    </None>
    <None Include="..\src\deshi\data\shaders\flat.frag">
      <Filter>deshi\shaders</Filter>
    </None>
    <None Include="..\src\deshi\data\shaders\flat.vert">
      <Filter>deshi\shaders</Filter>
    </None>
    <None Include="..\src\deshi\data\shaders\lavalamp.frag">
      <Filter>deshi\shaders</Filter>
    </None>
    <None Include="..\src\deshi\data\shaders\lavalamp.vert">
      <Filter>deshi\shaders</Filter>
    </None>
    <None Include="..\src\deshi\data\shaders\normaldebug.geom">
      <Filter>deshi\shaders</Filter>
    </None>
    <None Include="..\src\deshi\data\shaders\offscreen.vert">
      <Filter>deshi\shaders</Filter>
    </None>
    <None Include="..\src\deshi\data\shaders\pbr.frag">
      <Filter>deshi\shaders</Filter>
    </None>
    <None Include="..\src\deshi\data\shaders\pbr.vert">
      <Filter>deshi\shaders</Filter>
    </None>
    <None Include="..\src\deshi\data\shaders\phong.frag">
      <Filter>deshi\shaders</Filter>
    </None>
    <None Include="..\src\deshi\data\shaders\phong.vert">
      <Filter>deshi\shaders</Filter>
    </None>
    <None Include="..\src\deshi\data\shaders\shadowmapDEBUG.frag">
      <Filter>deshi\shaders</Filter>
    </None>
    <None Include="..\src\deshi\data\shaders\shadowmapDEBUG.vert">
      <Filter>deshi\shaders</Filter>
    </None>
    <None Include="..\src\deshi\data\shaders\testing0.frag">
      <Filter>deshi\shaders</Filter>
    </None>
    <None Include="..\src\deshi\data\shaders\testing0.vert">
      <Filter>deshi\shaders</Filter>
    </None>
    <None Include="..\src\deshi\data\shaders\testing1.frag">
      <Filter>deshi\shaders</Filter>
    </None>
    <None Include="..\src\deshi\data\shaders\testing1.vert">
      <Filter>deshi\shaders</Filter>
    </None>
    <None Include="..\src\deshi\data\shaders\twod.frag">
      <Filter>deshi\shaders</Filter>
    </None>
    <None Include="..\src\deshi\data\shaders\ui.frag">
      <Filter>deshi\shaders</Filter>
    </None>
    <None Include="..\src\deshi\data\shaders\ui.vert">
      <Filter>deshi\shaders</Filter>
    </None>
    <None Include="..\src\deshi\data\shaders\wireframe.frag">
      <Filter>deshi\shaders</Filter>
    </None>
    <None Include="..\src\deshi\data\shaders\wireframe.vert">
      <Filter>deshi\shaders</Filter>
    </None>
    <None Include="..\src\deshi\src\math\mat3.inl">
      <Filter>deshi\src\math</Filter>
    </None>
    <None Include="..\src\deshi\src\math\mat4.inl">
      <Filter>deshi\src\math</Filter>
    </None>
    <None Include="..\src\deshi\src\math\vec2.inl">
      <Filter>deshi\src\math</Filter>
    </None>
    <None Include="..\src\deshi\src\math\vec3.inl">
      <Filter>deshi\src\math</Filter>
    </None>
    <None Include="..\src\deshi\src\math\vec4.inl">
      <Filter>deshi\src\math</Filter>
    </None>
  </ItemGroup>
  <ItemGroup>
    <Text Include="..\src\deshi\cfg\keybinds.txt">
      <Filter>deshi\cfg</Filter>
    </Text>
  </ItemGroup>
  <ItemGroup>
    <Font Include="..\src\deshi\data\fonts\Paskowy.ttf">
      <Filter>deshi\fonts</Filter>
    </Font>
  </ItemGroup>
  <ItemGroup>
    <Natvis Include="..\src\deshi\misc\customvis.natvis">
      <Filter>deshi\misc</Filter>
    </Natvis>
  </ItemGroup>
  <ItemGroup>
    <ClInclude Include="..\src\deshi\src\defines.h">
      <Filter>deshi\src</Filter>
    </ClInclude>
    <ClInclude Include="..\src\deshi\src\deshi.h">
      <Filter>deshi\src</Filter>
    </ClInclude>
    <ClInclude Include="..\src\deshi\src\core\assets.h">
      <Filter>deshi\src\core</Filter>
    </ClInclude>
    <ClInclude Include="..\src\deshi\src\core\camera.h">
      <Filter>deshi\src\core</Filter>
    </ClInclude>
    <ClInclude Include="..\src\deshi\src\core\console.h">
      <Filter>deshi\src\core</Filter>
    </ClInclude>
    <ClInclude Include="..\src\deshi\src\core\console2.h">
      <Filter>deshi\src\core</Filter>
    </ClInclude>
    <ClInclude Include="..\src\deshi\src\core\imgui.h">
      <Filter>deshi\src\core</Filter>
    </ClInclude>
    <ClInclude Include="..\src\deshi\src\core\input.h">
      <Filter>deshi\src\core</Filter>
    </ClInclude>
    <ClInclude Include="..\src\deshi\src\core\model.h">
      <Filter>deshi\src\core</Filter>
    </ClInclude>
    <ClInclude Include="..\src\deshi\src\core\renderer.h">
      <Filter>deshi\src\core</Filter>
    </ClInclude>
    <ClInclude Include="..\src\deshi\src\core\storage.h">
      <Filter>deshi\src\core</Filter>
    </ClInclude>
    <ClInclude Include="..\src\deshi\src\core\time.h">
      <Filter>deshi\src\core</Filter>
    </ClInclude>
    <ClInclude Include="..\src\deshi\src\core\ui.h">
      <Filter>deshi\src\core</Filter>
    </ClInclude>
    <ClInclude Include="..\src\deshi\src\core\window.h">
      <Filter>deshi\src\core</Filter>
    </ClInclude>
    <ClInclude Include="..\src\deshi\src\geometry\Edge.h">
      <Filter>deshi\src\geometry</Filter>
    </ClInclude>
    <ClInclude Include="..\src\deshi\src\geometry\Geometry.h">
      <Filter>deshi\src\geometry</Filter>
    </ClInclude>
    <ClInclude Include="..\src\deshi\src\math\InertiaTensors.h">
      <Filter>deshi\src\math</Filter>
    </ClInclude>
    <ClInclude Include="..\src\deshi\src\math\mat.h">
      <Filter>deshi\src\math</Filter>
    </ClInclude>
    <ClInclude Include="..\src\deshi\src\math\Math.h">
      <Filter>deshi\src\math</Filter>
    </ClInclude>
    <ClInclude Include="..\src\deshi\src\math\matN.h">
      <Filter>deshi\src\math</Filter>
    </ClInclude>
    <ClInclude Include="..\src\deshi\src\math\Quaternion.h">
      <Filter>deshi\src\math</Filter>
    </ClInclude>
    <ClInclude Include="..\src\deshi\src\math\vec.h">
      <Filter>deshi\src\math</Filter>
    </ClInclude>
    <ClInclude Include="..\src\deshi\src\math\VectorMatrix.h">
      <Filter>deshi\src\math</Filter>
    </ClInclude>
    <ClInclude Include="..\src\deshi\src\utils\array.h">
      <Filter>deshi\src\utils</Filter>
    </ClInclude>
    <ClInclude Include="..\src\deshi\src\utils\Color.h">
      <Filter>deshi\src\utils</Filter>
    </ClInclude>
    <ClInclude Include="..\src\deshi\src\utils\Command.h">
      <Filter>deshi\src\utils</Filter>
    </ClInclude>
    <ClInclude Include="..\src\deshi\src\utils\ContainerManager.h">
      <Filter>deshi\src\utils</Filter>
    </ClInclude>
    <ClInclude Include="..\src\deshi\src\utils\Debug.h">
      <Filter>deshi\src\utils</Filter>
    </ClInclude>
    <ClInclude Include="..\src\deshi\src\utils\font.h">
      <Filter>deshi\src\utils</Filter>
    </ClInclude>
    <ClInclude Include="..\src\deshi\src\utils\hash.h">
      <Filter>deshi\src\utils</Filter>
    </ClInclude>
    <ClInclude Include="..\src\deshi\src\utils\map.h">
      <Filter>deshi\src\utils</Filter>
    </ClInclude>
    <ClInclude Include="..\src\deshi\src\utils\optional.h">
      <Filter>deshi\src\utils</Filter>
    </ClInclude>
    <ClInclude Include="..\src\deshi\src\utils\RingArray.h">
      <Filter>deshi\src\utils</Filter>
    </ClInclude>
    <ClInclude Include="..\src\deshi\src\utils\string.h">
      <Filter>deshi\src\utils</Filter>
    </ClInclude>
    <ClInclude Include="..\src\deshi\src\utils\tuple.h">
      <Filter>deshi\src\utils</Filter>
    </ClInclude>
    <ClInclude Include="..\src\deshi\src\utils\utils.h">
      <Filter>deshi\src\utils</Filter>
    </ClInclude>
    <ClInclude Include="..\src\deshi\src\utils\view.h">
      <Filter>deshi\src\utils</Filter>
    </ClInclude>
    <ClInclude Include="..\src\deshi\src\external\imgui\imconfig.h">
      <Filter>deshi\src\external\imgui</Filter>
    </ClInclude>
    <ClInclude Include="..\src\deshi\src\external\imgui\imgui.h">
      <Filter>deshi\src\external\imgui</Filter>
    </ClInclude>
    <ClInclude Include="..\src\deshi\src\external\imgui\imgui_impl_glfw.h">
      <Filter>deshi\src\external\imgui</Filter>
    </ClInclude>
    <ClInclude Include="..\src\deshi\src\external\imgui\imgui_impl_vulkan.h">
      <Filter>deshi\src\external\imgui</Filter>
    </ClInclude>
    <ClInclude Include="..\src\deshi\src\external\imgui\imgui_internal.h">
      <Filter>deshi\src\external\imgui</Filter>
    </ClInclude>
    <ClInclude Include="..\src\deshi\src\external\imgui\imstb_rectpack.h">
      <Filter>deshi\src\external\imgui</Filter>
    </ClInclude>
    <ClInclude Include="..\src\deshi\src\external\imgui\imstb_textedit.h">
      <Filter>deshi\src\external\imgui</Filter>
    </ClInclude>
    <ClInclude Include="..\src\deshi\src\external\imgui\imstb_truetype.h">
      <Filter>deshi\src\external\imgui</Filter>
    </ClInclude>
    <ClInclude Include="..\src\deshi\src\external\draudio\dr_flac.h">
      <Filter>deshi\src\external\draudio</Filter>
    </ClInclude>
    <ClInclude Include="..\src\deshi\src\external\draudio\dr_mp3.h">
      <Filter>deshi\src\external\draudio</Filter>
    </ClInclude>
    <ClInclude Include="..\src\deshi\src\external\draudio\dr_wav.h">
      <Filter>deshi\src\external\draudio</Filter>
    </ClInclude>
    <ClInclude Include="..\src\deshi\src\external\saschawillems\VulkanInitializers.hpp">
      <Filter>deshi\src\external\saschawillems</Filter>
    </ClInclude>
    <ClInclude Include="..\src\deshi\src\external\tinyobjloader\tiny_obj_loader.h">
      <Filter>deshi\src\external\tinyobjloader</Filter>
    </ClInclude>
  </ItemGroup>
</Project>