
Microsoft Visual Studio Solution File, Format Version 12.00
# Visual Studio Version 16
VisualStudioVersion = 16.0.31515.178
MinimumVisualStudioVersion = 10.0.40219.1
Project("{8BC9CEB8-8B4A-11D0-8D11-00A0C91BC942}") = "suugu", "misc\suugu.vcxproj", "{38E73445-DDD3-4D27-8CB4-FFD3373A0E56}"
EndProject
Global
	GlobalSection(SolutionConfigurationPlatforms) = preSolution
		DebugWindowsVulkan|x64 = DebugWindowsVulkan|x64
		ReleaseWindowsVulkan|x64 = ReleaseWindowsVulkan|x64
	EndGlobalSection
	GlobalSection(ProjectConfigurationPlatforms) = postSolution
		{38E73445-DDD3-4D27-8CB4-FFD3373A0E56}.DebugWindowsVulkan|x64.ActiveCfg = DebugWindowsVulkan|x64
		{38E73445-DDD3-4D27-8CB4-FFD3373A0E56}.DebugWindowsVulkan|x64.Build.0 = DebugWindowsVulkan|x64
		{38E73445-DDD3-4D27-8CB4-FFD3373A0E56}.ReleaseWindowsVulkan|x64.ActiveCfg = ReleaseWindowsVulkan|x64
		{38E73445-DDD3-4D27-8CB4-FFD3373A0E56}.ReleaseWindowsVulkan|x64.Build.0 = ReleaseWindowsVulkan|x64
	EndGlobalSection
	GlobalSection(SolutionProperties) = preSolution
		HideSolutionNode = FALSE
	EndGlobalSection
	GlobalSection(ExtensibilityGlobals) = postSolution
		SolutionGuid = {60293093-BAEA-4926-88ED-883FEB7BD49D}
	EndGlobalSection
EndGlobal
