
Microsoft Visual Studio Solution File, Format Version 12.00
# Visual Studio Version 16
VisualStudioVersion = 16.0.31515.178
MinimumVisualStudioVersion = 10.0.40219.1
Project("{8BC9CEB8-8B4A-11D0-8D11-00A0C91BC942}") = "suugu", "misc\suugu.vcxproj", "{38E73445-DDD3-4D27-8CB4-FFD3373A0E56}"
EndProject
Global
	GlobalSection(SolutionConfigurationPlatforms) = preSolution
		Debug|x64 = Debug|x64
		Debug|x86 = Debug|x86
		DebugWindowsDirectX|x64 = DebugWindowsDirectX|x64
		DebugWindowsDirectX|x86 = DebugWindowsDirectX|x86
		DebugWindowsOpenGL|x64 = DebugWindowsOpenGL|x64
		DebugWindowsOpenGL|x86 = DebugWindowsOpenGL|x86
		DebugWindowsVulkan|x64 = DebugWindowsVulkan|x64
		DebugWindowsVulkan|x86 = DebugWindowsVulkan|x86
		Release|x64 = Release|x64
		Release|x86 = Release|x86
		ReleaseWindowsDirectX|x64 = ReleaseWindowsDirectX|x64
		ReleaseWindowsDirectX|x86 = ReleaseWindowsDirectX|x86
		ReleaseWindowsOpenGL|x64 = ReleaseWindowsOpenGL|x64
		ReleaseWindowsOpenGL|x86 = ReleaseWindowsOpenGL|x86
		ReleaseWindowsVulkan|x64 = ReleaseWindowsVulkan|x64
		ReleaseWindowsVulkan|x86 = ReleaseWindowsVulkan|x86
	EndGlobalSection
	GlobalSection(ProjectConfigurationPlatforms) = postSolution
		{38E73445-DDD3-4D27-8CB4-FFD3373A0E56}.Debug|x64.ActiveCfg = DebugWindowsOpenGL|x64
		{38E73445-DDD3-4D27-8CB4-FFD3373A0E56}.Debug|x64.Build.0 = DebugWindowsOpenGL|x64
		{38E73445-DDD3-4D27-8CB4-FFD3373A0E56}.Debug|x86.ActiveCfg = ReleaseWindowsVulkan|x64
		{38E73445-DDD3-4D27-8CB4-FFD3373A0E56}.Debug|x86.Build.0 = ReleaseWindowsVulkan|x64
		{38E73445-DDD3-4D27-8CB4-FFD3373A0E56}.DebugWindowsDirectX|x64.ActiveCfg = DebugWindowsDirectX|x64
		{38E73445-DDD3-4D27-8CB4-FFD3373A0E56}.DebugWindowsDirectX|x64.Build.0 = DebugWindowsDirectX|x64
		{38E73445-DDD3-4D27-8CB4-FFD3373A0E56}.DebugWindowsDirectX|x86.ActiveCfg = DebugWindowsDirectX|x64
		{38E73445-DDD3-4D27-8CB4-FFD3373A0E56}.DebugWindowsOpenGL|x64.ActiveCfg = DebugWindowsOpenGL|x64
		{38E73445-DDD3-4D27-8CB4-FFD3373A0E56}.DebugWindowsOpenGL|x64.Build.0 = DebugWindowsOpenGL|x64
		{38E73445-DDD3-4D27-8CB4-FFD3373A0E56}.DebugWindowsOpenGL|x86.ActiveCfg = DebugWindowsOpenGL|x64
		{38E73445-DDD3-4D27-8CB4-FFD3373A0E56}.DebugWindowsVulkan|x64.ActiveCfg = DebugWindowsVulkan|x64
		{38E73445-DDD3-4D27-8CB4-FFD3373A0E56}.DebugWindowsVulkan|x64.Build.0 = DebugWindowsVulkan|x64
		{38E73445-DDD3-4D27-8CB4-FFD3373A0E56}.DebugWindowsVulkan|x86.ActiveCfg = DebugWindowsVulkan|x64
		{38E73445-DDD3-4D27-8CB4-FFD3373A0E56}.Release|x64.ActiveCfg = ReleaseWindowsVulkan|x64
		{38E73445-DDD3-4D27-8CB4-FFD3373A0E56}.Release|x64.Build.0 = ReleaseWindowsVulkan|x64
		{38E73445-DDD3-4D27-8CB4-FFD3373A0E56}.Release|x86.ActiveCfg = ReleaseWindowsVulkan|x64
		{38E73445-DDD3-4D27-8CB4-FFD3373A0E56}.Release|x86.Build.0 = ReleaseWindowsVulkan|x64
		{38E73445-DDD3-4D27-8CB4-FFD3373A0E56}.ReleaseWindowsDirectX|x64.ActiveCfg = ReleaseWindowsDirectX|x64
		{38E73445-DDD3-4D27-8CB4-FFD3373A0E56}.ReleaseWindowsDirectX|x64.Build.0 = ReleaseWindowsDirectX|x64
		{38E73445-DDD3-4D27-8CB4-FFD3373A0E56}.ReleaseWindowsDirectX|x86.ActiveCfg = ReleaseWindowsDirectX|x64
		{38E73445-DDD3-4D27-8CB4-FFD3373A0E56}.ReleaseWindowsOpenGL|x64.ActiveCfg = ReleaseWindowsOpenGL|x64
		{38E73445-DDD3-4D27-8CB4-FFD3373A0E56}.ReleaseWindowsOpenGL|x64.Build.0 = ReleaseWindowsOpenGL|x64
		{38E73445-DDD3-4D27-8CB4-FFD3373A0E56}.ReleaseWindowsOpenGL|x86.ActiveCfg = ReleaseWindowsOpenGL|x64
		{38E73445-DDD3-4D27-8CB4-FFD3373A0E56}.ReleaseWindowsVulkan|x64.ActiveCfg = ReleaseWindowsVulkan|x64
		{38E73445-DDD3-4D27-8CB4-FFD3373A0E56}.ReleaseWindowsVulkan|x64.Build.0 = ReleaseWindowsVulkan|x64
		{38E73445-DDD3-4D27-8CB4-FFD3373A0E56}.ReleaseWindowsVulkan|x86.ActiveCfg = ReleaseWindowsVulkan|x64
	EndGlobalSection
	GlobalSection(SolutionProperties) = preSolution
		HideSolutionNode = FALSE
	EndGlobalSection
	GlobalSection(ExtensibilityGlobals) = postSolution
		SolutionGuid = {60293093-BAEA-4926-88ED-883FEB7BD49D}
	EndGlobalSection
EndGlobal
